
Microsoft Visual Studio Solution File, Format Version 12.00
# Visual Studio Version 16
VisualStudioVersion = 16.0.31515.178
MinimumVisualStudioVersion = 10.0.40219.1
Project("{FAE04EC0-301F-11D3-BF4B-00C04F79EFBC}") = "AnalyticsMicroservice", "AnalyticsMicroservice\AnalyticsMicroservice.csproj", "{AC4695D4-2413-4539-8244-F2279AA662C5}"
EndProject
Global
	GlobalSection(SolutionConfigurationPlatforms) = preSolution
		Debug|Any CPU = Debug|Any CPU
		Release|Any CPU = Release|Any CPU
	EndGlobalSection
	GlobalSection(ProjectConfigurationPlatforms) = postSolution
		{AC4695D4-2413-4539-8244-F2279AA662C5}.Debug|Any CPU.ActiveCfg = Debug|Any CPU
		{AC4695D4-2413-4539-8244-F2279AA662C5}.Debug|Any CPU.Build.0 = Debug|Any CPU
		{AC4695D4-2413-4539-8244-F2279AA662C5}.Release|Any CPU.ActiveCfg = Release|Any CPU
		{AC4695D4-2413-4539-8244-F2279AA662C5}.Release|Any CPU.Build.0 = Release|Any CPU
	EndGlobalSection
	GlobalSection(SolutionProperties) = preSolution
		HideSolutionNode = FALSE
	EndGlobalSection
	GlobalSection(ExtensibilityGlobals) = postSolution
		SolutionGuid = {CDAE81D2-DDED-44AC-9289-D6CE387A4B53}
	EndGlobalSection
EndGlobal
