
Microsoft Visual Studio Solution File, Format Version 12.00
# Visual Studio Version 16
VisualStudioVersion = 16.0.30011.22
MinimumVisualStudioVersion = 10.0.40219.1
Project("{FAE04EC0-301F-11D3-BF4B-00C04F79EFBC}") = "Data Microservice", "Data Microservice\Data Microservice.csproj", "{0714F1DB-9361-4D57-B443-A8D651EA9D39}"
EndProject
Global
	GlobalSection(SolutionConfigurationPlatforms) = preSolution
		Debug|Any CPU = Debug|Any CPU
		Release|Any CPU = Release|Any CPU
	EndGlobalSection
	GlobalSection(ProjectConfigurationPlatforms) = postSolution
		{0714F1DB-9361-4D57-B443-A8D651EA9D39}.Debug|Any CPU.ActiveCfg = Debug|Any CPU
		{0714F1DB-9361-4D57-B443-A8D651EA9D39}.Debug|Any CPU.Build.0 = Debug|Any CPU
		{0714F1DB-9361-4D57-B443-A8D651EA9D39}.Release|Any CPU.ActiveCfg = Release|Any CPU
		{0714F1DB-9361-4D57-B443-A8D651EA9D39}.Release|Any CPU.Build.0 = Release|Any CPU
	EndGlobalSection
	GlobalSection(SolutionProperties) = preSolution
		HideSolutionNode = FALSE
	EndGlobalSection
	GlobalSection(ExtensibilityGlobals) = postSolution
		SolutionGuid = {CEC25BEC-5673-4293-AC59-6C4121471614}
	EndGlobalSection
EndGlobal
